// !$*UTF8*$!
{
	archiveVersion = 1;
	classes = {
	};
	objectVersion = 51;
	objects = {

/* Begin PBXBuildFile section */
		10113D8D26063A5E00F6B686 /* EditorsDetailCollectionViewCell.swift in Sources */ = {isa = PBXBuildFile; fileRef = 10113D8B26063A5E00F6B686 /* EditorsDetailCollectionViewCell.swift */; };
		10113D8E26063A5E00F6B686 /* EditorsDetailCollectionViewCell.xib in Resources */ = {isa = PBXBuildFile; fileRef = 10113D8C26063A5E00F6B686 /* EditorsDetailCollectionViewCell.xib */; };
		10113D9226063A6C00F6B686 /* EditorsRecommendCollectionViewCell.swift in Sources */ = {isa = PBXBuildFile; fileRef = 10113D9026063A6C00F6B686 /* EditorsRecommendCollectionViewCell.swift */; };
		10113D9326063A6C00F6B686 /* EditorsRecommendCollectionViewCell.xib in Resources */ = {isa = PBXBuildFile; fileRef = 10113D9126063A6C00F6B686 /* EditorsRecommendCollectionViewCell.xib */; };
		1027789D260626CC00E8F94B /* EditorsCollectionViewCell2.swift in Sources */ = {isa = PBXBuildFile; fileRef = 1027789B260626CC00E8F94B /* EditorsCollectionViewCell2.swift */; };
		102778A22606296800E8F94B /* EditorsHeader.swift in Sources */ = {isa = PBXBuildFile; fileRef = 102778A02606296800E8F94B /* EditorsHeader.swift */; };
		102778A32606296800E8F94B /* EditorsHeader.xib in Resources */ = {isa = PBXBuildFile; fileRef = 102778A12606296800E8F94B /* EditorsHeader.xib */; };
		102778A826062E9B00E8F94B /* EditorsCollectionViewCell2.xib in Resources */ = {isa = PBXBuildFile; fileRef = 1027789C260626CC00E8F94B /* EditorsCollectionViewCell2.xib */; };
		102778B32606305400E8F94B /* EditorsCollectionViewCell1.swift in Sources */ = {isa = PBXBuildFile; fileRef = 102778B12606305400E8F94B /* EditorsCollectionViewCell1.swift */; };
		102778B42606305400E8F94B /* EditorsCollectionViewCell1.xib in Resources */ = {isa = PBXBuildFile; fileRef = 102778B22606305400E8F94B /* EditorsCollectionViewCell1.xib */; };
		102BDF922601127C00810A3E /* APPConstants.swift in Sources */ = {isa = PBXBuildFile; fileRef = 102BDF912601127C00810A3E /* APPConstants.swift */; };
		102BDFA02601136800810A3E /* UIView + Extension.swift in Sources */ = {isa = PBXBuildFile; fileRef = 102BDF9F2601136800810A3E /* UIView + Extension.swift */; };
		105EF618260103AD00C1C42A /* Editors.storyboard in Resources */ = {isa = PBXBuildFile; fileRef = 105EF617260103AD00C1C42A /* Editors.storyboard */; };
		106FF92D26010BC7006C39C6 /* EditorsViewController.swift in Sources */ = {isa = PBXBuildFile; fileRef = 106FF92C26010BC7006C39C6 /* EditorsViewController.swift */; };
		1087023725FBB1E800FECFD5 /* AppDelegate.swift in Sources */ = {isa = PBXBuildFile; fileRef = 1087023625FBB1E800FECFD5 /* AppDelegate.swift */; };
		1087023925FBB1E800FECFD5 /* SceneDelegate.swift in Sources */ = {isa = PBXBuildFile; fileRef = 1087023825FBB1E800FECFD5 /* SceneDelegate.swift */; };
		1087023B25FBB1E800FECFD5 /* ViewController.swift in Sources */ = {isa = PBXBuildFile; fileRef = 1087023A25FBB1E800FECFD5 /* ViewController.swift */; };
		1087023E25FBB1E800FECFD5 /* Main.storyboard in Resources */ = {isa = PBXBuildFile; fileRef = 1087023C25FBB1E800FECFD5 /* Main.storyboard */; };
		1087024025FBB1EA00FECFD5 /* Assets.xcassets in Resources */ = {isa = PBXBuildFile; fileRef = 1087023F25FBB1EA00FECFD5 /* Assets.xcassets */; };
		1087024325FBB1EA00FECFD5 /* LaunchScreen.storyboard in Resources */ = {isa = PBXBuildFile; fileRef = 1087024125FBB1EA00FECFD5 /* LaunchScreen.storyboard */; };
		30E4E8E6A27E08FBB1F30E56 /* Pods_hufs_eat.framework in Frameworks */ = {isa = PBXBuildFile; fileRef = C37059510D016949F309BC44 /* Pods_hufs_eat.framework */; };
/* End PBXBuildFile section */

/* Begin PBXFileReference section */
		10113D8B26063A5E00F6B686 /* EditorsDetailCollectionViewCell.swift */ = {isa = PBXFileReference; lastKnownFileType = sourcecode.swift; path = EditorsDetailCollectionViewCell.swift; sourceTree = "<group>"; };
		10113D8C26063A5E00F6B686 /* EditorsDetailCollectionViewCell.xib */ = {isa = PBXFileReference; lastKnownFileType = file.xib; path = EditorsDetailCollectionViewCell.xib; sourceTree = "<group>"; };
		10113D9026063A6C00F6B686 /* EditorsRecommendCollectionViewCell.swift */ = {isa = PBXFileReference; lastKnownFileType = sourcecode.swift; path = EditorsRecommendCollectionViewCell.swift; sourceTree = "<group>"; };
		10113D9126063A6C00F6B686 /* EditorsRecommendCollectionViewCell.xib */ = {isa = PBXFileReference; lastKnownFileType = file.xib; path = EditorsRecommendCollectionViewCell.xib; sourceTree = "<group>"; };
		1027789B260626CC00E8F94B /* EditorsCollectionViewCell2.swift */ = {isa = PBXFileReference; lastKnownFileType = sourcecode.swift; path = EditorsCollectionViewCell2.swift; sourceTree = "<group>"; };
		1027789C260626CC00E8F94B /* EditorsCollectionViewCell2.xib */ = {isa = PBXFileReference; lastKnownFileType = file.xib; path = EditorsCollectionViewCell2.xib; sourceTree = "<group>"; };
		102778A02606296800E8F94B /* EditorsHeader.swift */ = {isa = PBXFileReference; lastKnownFileType = sourcecode.swift; path = EditorsHeader.swift; sourceTree = "<group>"; };
		102778A12606296800E8F94B /* EditorsHeader.xib */ = {isa = PBXFileReference; lastKnownFileType = file.xib; path = EditorsHeader.xib; sourceTree = "<group>"; };
		102778B12606305400E8F94B /* EditorsCollectionViewCell1.swift */ = {isa = PBXFileReference; lastKnownFileType = sourcecode.swift; path = EditorsCollectionViewCell1.swift; sourceTree = "<group>"; };
		102778B22606305400E8F94B /* EditorsCollectionViewCell1.xib */ = {isa = PBXFileReference; lastKnownFileType = file.xib; path = EditorsCollectionViewCell1.xib; sourceTree = "<group>"; };
		102BDF912601127C00810A3E /* APPConstants.swift */ = {isa = PBXFileReference; lastKnownFileType = sourcecode.swift; path = APPConstants.swift; sourceTree = "<group>"; };
		102BDF9F2601136800810A3E /* UIView + Extension.swift */ = {isa = PBXFileReference; lastKnownFileType = sourcecode.swift; path = "UIView + Extension.swift"; sourceTree = "<group>"; };
		105EF617260103AD00C1C42A /* Editors.storyboard */ = {isa = PBXFileReference; lastKnownFileType = file.storyboard; path = Editors.storyboard; sourceTree = "<group>"; };
		106FF92C26010BC7006C39C6 /* EditorsViewController.swift */ = {isa = PBXFileReference; lastKnownFileType = sourcecode.swift; path = EditorsViewController.swift; sourceTree = "<group>"; };
		1087023325FBB1E800FECFD5 /* hufs_eat.app */ = {isa = PBXFileReference; explicitFileType = wrapper.application; includeInIndex = 0; path = hufs_eat.app; sourceTree = BUILT_PRODUCTS_DIR; };
		1087023625FBB1E800FECFD5 /* AppDelegate.swift */ = {isa = PBXFileReference; lastKnownFileType = sourcecode.swift; path = AppDelegate.swift; sourceTree = "<group>"; };
		1087023825FBB1E800FECFD5 /* SceneDelegate.swift */ = {isa = PBXFileReference; lastKnownFileType = sourcecode.swift; path = SceneDelegate.swift; sourceTree = "<group>"; };
		1087023A25FBB1E800FECFD5 /* ViewController.swift */ = {isa = PBXFileReference; lastKnownFileType = sourcecode.swift; path = ViewController.swift; sourceTree = "<group>"; };
		1087023D25FBB1E800FECFD5 /* Base */ = {isa = PBXFileReference; lastKnownFileType = file.storyboard; name = Base; path = Base.lproj/Main.storyboard; sourceTree = "<group>"; };
		1087023F25FBB1EA00FECFD5 /* Assets.xcassets */ = {isa = PBXFileReference; lastKnownFileType = folder.assetcatalog; path = Assets.xcassets; sourceTree = "<group>"; };
		1087024225FBB1EA00FECFD5 /* Base */ = {isa = PBXFileReference; lastKnownFileType = file.storyboard; name = Base; path = Base.lproj/LaunchScreen.storyboard; sourceTree = "<group>"; };
		1087024425FBB1EA00FECFD5 /* Info.plist */ = {isa = PBXFileReference; lastKnownFileType = text.plist.xml; path = Info.plist; sourceTree = "<group>"; };
		10AC49DC25FBB4B900EA1EA8 /* Colors.xcassets */ = {isa = PBXFileReference; lastKnownFileType = folder.assetcatalog; path = Colors.xcassets; sourceTree = "<group>"; };
		68A2B7C0AAE6B46A2D3A8BDA /* Pods-hufs_eat.release.xcconfig */ = {isa = PBXFileReference; includeInIndex = 1; lastKnownFileType = text.xcconfig; name = "Pods-hufs_eat.release.xcconfig"; path = "Target Support Files/Pods-hufs_eat/Pods-hufs_eat.release.xcconfig"; sourceTree = "<group>"; };
		BEA139A4C7FA470291D3D625 /* Pods-hufs_eat.debug.xcconfig */ = {isa = PBXFileReference; includeInIndex = 1; lastKnownFileType = text.xcconfig; name = "Pods-hufs_eat.debug.xcconfig"; path = "Target Support Files/Pods-hufs_eat/Pods-hufs_eat.debug.xcconfig"; sourceTree = "<group>"; };
		C37059510D016949F309BC44 /* Pods_hufs_eat.framework */ = {isa = PBXFileReference; explicitFileType = wrapper.framework; includeInIndex = 0; path = Pods_hufs_eat.framework; sourceTree = BUILT_PRODUCTS_DIR; };
/* End PBXFileReference section */

/* Begin PBXFrameworksBuildPhase section */
		1087023025FBB1E800FECFD5 /* Frameworks */ = {
			isa = PBXFrameworksBuildPhase;
			buildActionMask = 2147483647;
			files = (
				30E4E8E6A27E08FBB1F30E56 /* Pods_hufs_eat.framework in Frameworks */,
			);
			runOnlyForDeploymentPostprocessing = 0;
		};
/* End PBXFrameworksBuildPhase section */

/* Begin PBXGroup section */
		10277893260626A200E8F94B /* Cells */ = {
			isa = PBXGroup;
			children = (
				1027789B260626CC00E8F94B /* EditorsCollectionViewCell2.swift */,
				1027789C260626CC00E8F94B /* EditorsCollectionViewCell2.xib */,
				102778A02606296800E8F94B /* EditorsHeader.swift */,
				102778A12606296800E8F94B /* EditorsHeader.xib */,
				102778B12606305400E8F94B /* EditorsCollectionViewCell1.swift */,
				102778B22606305400E8F94B /* EditorsCollectionViewCell1.xib */,
				10113D8B26063A5E00F6B686 /* EditorsDetailCollectionViewCell.swift */,
				10113D8C26063A5E00F6B686 /* EditorsDetailCollectionViewCell.xib */,
				10113D9026063A6C00F6B686 /* EditorsRecommendCollectionViewCell.swift */,
				10113D9126063A6C00F6B686 /* EditorsRecommendCollectionViewCell.xib */,
			);
			path = Cells;
			sourceTree = "<group>";
		};
		102BDF902601127300810A3E /* Constants */ = {
			isa = PBXGroup;
			children = (
				102BDF912601127C00810A3E /* APPConstants.swift */,
			);
			path = Constants;
			sourceTree = "<group>";
		};
		102BDF9E2601135D00810A3E /* Extensions */ = {
			isa = PBXGroup;
			children = (
				102BDF9F2601136800810A3E /* UIView + Extension.swift */,
			);
			path = Extensions;
			sourceTree = "<group>";
		};
		1087022A25FBB1E800FECFD5 = {
			isa = PBXGroup;
			children = (
				1087023525FBB1E800FECFD5 /* hufs_eat */,
				1087023425FBB1E800FECFD5 /* Products */,
				2109F90F94BB3686C9E8497A /* Pods */,
				3467E52A47200D41C8C72D24 /* Frameworks */,
			);
			sourceTree = "<group>";
		};
		1087023425FBB1E800FECFD5 /* Products */ = {
			isa = PBXGroup;
			children = (
				1087023325FBB1E800FECFD5 /* hufs_eat.app */,
			);
			name = Products;
			sourceTree = "<group>";
		};
		1087023525FBB1E800FECFD5 /* hufs_eat */ = {
			isa = PBXGroup;
			children = (
				10AC49E025FBB4DB00EA1EA8 /* Sources */,
				10AC49DF25FBB4D100EA1EA8 /* Resources */,
			);
			path = hufs_eat;
			sourceTree = "<group>";
		};
		10AC49DF25FBB4D100EA1EA8 /* Resources */ = {
			isa = PBXGroup;
			children = (
				102BDF902601127300810A3E /* Constants */,
				1087024425FBB1EA00FECFD5 /* Info.plist */,
				10AC49DC25FBB4B900EA1EA8 /* Colors.xcassets */,
				1087023F25FBB1EA00FECFD5 /* Assets.xcassets */,
				10AC49E325FBB4FF00EA1EA8 /* Storyboards */,
			);
			path = Resources;
			sourceTree = "<group>";
		};
		10AC49E025FBB4DB00EA1EA8 /* Sources */ = {
			isa = PBXGroup;
			children = (
				10277893260626A200E8F94B /* Cells */,
				102BDF9E2601135D00810A3E /* Extensions */,
				1087023625FBB1E800FECFD5 /* AppDelegate.swift */,
				1087023825FBB1E800FECFD5 /* SceneDelegate.swift */,
				10AC49E925FBB59B00EA1EA8 /* ViewControllers */,
				10AC49E825FBB59600EA1EA8 /* View */,
				10AC49E525FBB57800EA1EA8 /* APIServices */,
				10AC49E425FBB56D00EA1EA8 /* APIModels */,
			);
			path = Sources;
			sourceTree = "<group>";
		};
		10AC49E325FBB4FF00EA1EA8 /* Storyboards */ = {
			isa = PBXGroup;
			children = (
				1087023C25FBB1E800FECFD5 /* Main.storyboard */,
				1087024125FBB1EA00FECFD5 /* LaunchScreen.storyboard */,
				105EF617260103AD00C1C42A /* Editors.storyboard */,
			);
			path = Storyboards;
			sourceTree = "<group>";
		};
		10AC49E425FBB56D00EA1EA8 /* APIModels */ = {
			isa = PBXGroup;
			children = (
			);
			path = APIModels;
			sourceTree = "<group>";
		};
		10AC49E525FBB57800EA1EA8 /* APIServices */ = {
			isa = PBXGroup;
			children = (
			);
			path = APIServices;
			sourceTree = "<group>";
		};
		10AC49E825FBB59600EA1EA8 /* View */ = {
			isa = PBXGroup;
			children = (
			);
			path = View;
			sourceTree = "<group>";
		};
		10AC49E925FBB59B00EA1EA8 /* ViewControllers */ = {
			isa = PBXGroup;
			children = (
				1087023A25FBB1E800FECFD5 /* ViewController.swift */,
				106FF92C26010BC7006C39C6 /* EditorsViewController.swift */,
			);
			path = ViewControllers;
			sourceTree = "<group>";
		};
		2109F90F94BB3686C9E8497A /* Pods */ = {
			isa = PBXGroup;
			children = (
				BEA139A4C7FA470291D3D625 /* Pods-hufs_eat.debug.xcconfig */,
				68A2B7C0AAE6B46A2D3A8BDA /* Pods-hufs_eat.release.xcconfig */,
			);
			path = Pods;
			sourceTree = "<group>";
		};
		3467E52A47200D41C8C72D24 /* Frameworks */ = {
			isa = PBXGroup;
			children = (
				C37059510D016949F309BC44 /* Pods_hufs_eat.framework */,
			);
			name = Frameworks;
			sourceTree = "<group>";
		};
/* End PBXGroup section */

/* Begin PBXNativeTarget section */
		1087023225FBB1E800FECFD5 /* hufs_eat */ = {
			isa = PBXNativeTarget;
			buildConfigurationList = 1087024725FBB1EA00FECFD5 /* Build configuration list for PBXNativeTarget "hufs_eat" */;
			buildPhases = (
				48778D7927053001561C3CDE /* [CP] Check Pods Manifest.lock */,
				1087022F25FBB1E800FECFD5 /* Sources */,
				1087023025FBB1E800FECFD5 /* Frameworks */,
				1087023125FBB1E800FECFD5 /* Resources */,
				EC4B9B2EDEEBD0A9F7C890DC /* [CP] Embed Pods Frameworks */,
			);
			buildRules = (
			);
			dependencies = (
			);
			name = hufs_eat;
			productName = hufs_eat;
			productReference = 1087023325FBB1E800FECFD5 /* hufs_eat.app */;
			productType = "com.apple.product-type.application";
		};
/* End PBXNativeTarget section */

/* Begin PBXProject section */
		1087022B25FBB1E800FECFD5 /* Project object */ = {
			isa = PBXProject;
			attributes = {
				LastSwiftUpdateCheck = 1240;
				LastUpgradeCheck = 1240;
				TargetAttributes = {
					1087023225FBB1E800FECFD5 = {
						CreatedOnToolsVersion = 12.4;
					};
				};
			};
			buildConfigurationList = 1087022E25FBB1E800FECFD5 /* Build configuration list for PBXProject "hufs_eat" */;
			compatibilityVersion = "Xcode 9.3";
			developmentRegion = en;
			hasScannedForEncodings = 0;
			knownRegions = (
				en,
				Base,
			);
			mainGroup = 1087022A25FBB1E800FECFD5;
			productRefGroup = 1087023425FBB1E800FECFD5 /* Products */;
			projectDirPath = "";
			projectRoot = "";
			targets = (
				1087023225FBB1E800FECFD5 /* hufs_eat */,
			);
		};
/* End PBXProject section */

/* Begin PBXResourcesBuildPhase section */
		1087023125FBB1E800FECFD5 /* Resources */ = {
			isa = PBXResourcesBuildPhase;
			buildActionMask = 2147483647;
			files = (
				10113D8E26063A5E00F6B686 /* EditorsDetailCollectionViewCell.xib in Resources */,
				102778B42606305400E8F94B /* EditorsCollectionViewCell1.xib in Resources */,
				1087024325FBB1EA00FECFD5 /* LaunchScreen.storyboard in Resources */,
				102778A32606296800E8F94B /* EditorsHeader.xib in Resources */,
				1087024025FBB1EA00FECFD5 /* Assets.xcassets in Resources */,
				1087023E25FBB1E800FECFD5 /* Main.storyboard in Resources */,
				102778A826062E9B00E8F94B /* EditorsCollectionViewCell2.xib in Resources */,
				105EF618260103AD00C1C42A /* Editors.storyboard in Resources */,
				10113D9326063A6C00F6B686 /* EditorsRecommendCollectionViewCell.xib in Resources */,
			);
			runOnlyForDeploymentPostprocessing = 0;
		};
/* End PBXResourcesBuildPhase section */

/* Begin PBXShellScriptBuildPhase section */
		48778D7927053001561C3CDE /* [CP] Check Pods Manifest.lock */ = {
			isa = PBXShellScriptBuildPhase;
			buildActionMask = 2147483647;
			files = (
			);
			inputFileListPaths = (
			);
			inputPaths = (
				"${PODS_PODFILE_DIR_PATH}/Podfile.lock",
				"${PODS_ROOT}/Manifest.lock",
			);
			name = "[CP] Check Pods Manifest.lock";
			outputFileListPaths = (
			);
			outputPaths = (
				"$(DERIVED_FILE_DIR)/Pods-hufs_eat-checkManifestLockResult.txt",
			);
			runOnlyForDeploymentPostprocessing = 0;
			shellPath = /bin/sh;
			shellScript = "diff \"${PODS_PODFILE_DIR_PATH}/Podfile.lock\" \"${PODS_ROOT}/Manifest.lock\" > /dev/null\nif [ $? != 0 ] ; then\n    # print error to STDERR\n    echo \"error: The sandbox is not in sync with the Podfile.lock. Run 'pod install' or update your CocoaPods installation.\" >&2\n    exit 1\nfi\n# This output is used by Xcode 'outputs' to avoid re-running this script phase.\necho \"SUCCESS\" > \"${SCRIPT_OUTPUT_FILE_0}\"\n";
			showEnvVarsInLog = 0;
		};
		EC4B9B2EDEEBD0A9F7C890DC /* [CP] Embed Pods Frameworks */ = {
			isa = PBXShellScriptBuildPhase;
			buildActionMask = 2147483647;
			files = (
			);
			inputFileListPaths = (
				"${PODS_ROOT}/Target Support Files/Pods-hufs_eat/Pods-hufs_eat-frameworks-${CONFIGURATION}-input-files.xcfilelist",
			);
			name = "[CP] Embed Pods Frameworks";
			outputFileListPaths = (
				"${PODS_ROOT}/Target Support Files/Pods-hufs_eat/Pods-hufs_eat-frameworks-${CONFIGURATION}-output-files.xcfilelist",
			);
			runOnlyForDeploymentPostprocessing = 0;
			shellPath = /bin/sh;
			shellScript = "\"${PODS_ROOT}/Target Support Files/Pods-hufs_eat/Pods-hufs_eat-frameworks.sh\"\n";
			showEnvVarsInLog = 0;
		};
/* End PBXShellScriptBuildPhase section */

/* Begin PBXSourcesBuildPhase section */
		1087022F25FBB1E800FECFD5 /* Sources */ = {
			isa = PBXSourcesBuildPhase;
			buildActionMask = 2147483647;
			files = (
				1027789D260626CC00E8F94B /* EditorsCollectionViewCell2.swift in Sources */,
				102778B32606305400E8F94B /* EditorsCollectionViewCell1.swift in Sources */,
				1087023B25FBB1E800FECFD5 /* ViewController.swift in Sources */,
				10113D9226063A6C00F6B686 /* EditorsRecommendCollectionViewCell.swift in Sources */,
				102BDF922601127C00810A3E /* APPConstants.swift in Sources */,
				1087023725FBB1E800FECFD5 /* AppDelegate.swift in Sources */,
				102BDFA02601136800810A3E /* UIView + Extension.swift in Sources */,
				1087023925FBB1E800FECFD5 /* SceneDelegate.swift in Sources */,
				102778A22606296800E8F94B /* EditorsHeader.swift in Sources */,
				10113D8D26063A5E00F6B686 /* EditorsDetailCollectionViewCell.swift in Sources */,
				106FF92D26010BC7006C39C6 /* EditorsViewController.swift in Sources */,
			);
			runOnlyForDeploymentPostprocessing = 0;
		};
/* End PBXSourcesBuildPhase section */

/* Begin PBXVariantGroup section */
		1087023C25FBB1E800FECFD5 /* Main.storyboard */ = {
			isa = PBXVariantGroup;
			children = (
				1087023D25FBB1E800FECFD5 /* Base */,
			);
			name = Main.storyboard;
			sourceTree = "<group>";
		};
		1087024125FBB1EA00FECFD5 /* LaunchScreen.storyboard */ = {
			isa = PBXVariantGroup;
			children = (
				1087024225FBB1EA00FECFD5 /* Base */,
			);
			name = LaunchScreen.storyboard;
			sourceTree = "<group>";
		};
/* End PBXVariantGroup section */

/* Begin XCBuildConfiguration section */
		1087024525FBB1EA00FECFD5 /* Debug */ = {
			isa = XCBuildConfiguration;
			buildSettings = {
				ALWAYS_SEARCH_USER_PATHS = NO;
				CLANG_ANALYZER_NONNULL = YES;
				CLANG_ANALYZER_NUMBER_OBJECT_CONVERSION = YES_AGGRESSIVE;
				CLANG_CXX_LANGUAGE_STANDARD = "gnu++14";
				CLANG_CXX_LIBRARY = "libc++";
				CLANG_ENABLE_MODULES = YES;
				CLANG_ENABLE_OBJC_ARC = YES;
				CLANG_ENABLE_OBJC_WEAK = YES;
				CLANG_WARN_BLOCK_CAPTURE_AUTORELEASING = YES;
				CLANG_WARN_BOOL_CONVERSION = YES;
				CLANG_WARN_COMMA = YES;
				CLANG_WARN_CONSTANT_CONVERSION = YES;
				CLANG_WARN_DEPRECATED_OBJC_IMPLEMENTATIONS = YES;
				CLANG_WARN_DIRECT_OBJC_ISA_USAGE = YES_ERROR;
				CLANG_WARN_DOCUMENTATION_COMMENTS = YES;
				CLANG_WARN_EMPTY_BODY = YES;
				CLANG_WARN_ENUM_CONVERSION = YES;
				CLANG_WARN_INFINITE_RECURSION = YES;
				CLANG_WARN_INT_CONVERSION = YES;
				CLANG_WARN_NON_LITERAL_NULL_CONVERSION = YES;
				CLANG_WARN_OBJC_IMPLICIT_RETAIN_SELF = YES;
				CLANG_WARN_OBJC_LITERAL_CONVERSION = YES;
				CLANG_WARN_OBJC_ROOT_CLASS = YES_ERROR;
				CLANG_WARN_QUOTED_INCLUDE_IN_FRAMEWORK_HEADER = YES;
				CLANG_WARN_RANGE_LOOP_ANALYSIS = YES;
				CLANG_WARN_STRICT_PROTOTYPES = YES;
				CLANG_WARN_SUSPICIOUS_MOVE = YES;
				CLANG_WARN_UNGUARDED_AVAILABILITY = YES_AGGRESSIVE;
				CLANG_WARN_UNREACHABLE_CODE = YES;
				CLANG_WARN__DUPLICATE_METHOD_MATCH = YES;
				COPY_PHASE_STRIP = NO;
				DEBUG_INFORMATION_FORMAT = dwarf;
				ENABLE_STRICT_OBJC_MSGSEND = YES;
				ENABLE_TESTABILITY = YES;
				GCC_C_LANGUAGE_STANDARD = gnu11;
				GCC_DYNAMIC_NO_PIC = NO;
				GCC_NO_COMMON_BLOCKS = YES;
				GCC_OPTIMIZATION_LEVEL = 0;
				GCC_PREPROCESSOR_DEFINITIONS = (
					"DEBUG=1",
					"$(inherited)",
				);
				GCC_WARN_64_TO_32_BIT_CONVERSION = YES;
				GCC_WARN_ABOUT_RETURN_TYPE = YES_ERROR;
				GCC_WARN_UNDECLARED_SELECTOR = YES;
				GCC_WARN_UNINITIALIZED_AUTOS = YES_AGGRESSIVE;
				GCC_WARN_UNUSED_FUNCTION = YES;
				GCC_WARN_UNUSED_VARIABLE = YES;
				IPHONEOS_DEPLOYMENT_TARGET = 14.4;
				MTL_ENABLE_DEBUG_INFO = INCLUDE_SOURCE;
				MTL_FAST_MATH = YES;
				ONLY_ACTIVE_ARCH = YES;
				SDKROOT = iphoneos;
				SWIFT_ACTIVE_COMPILATION_CONDITIONS = DEBUG;
				SWIFT_OPTIMIZATION_LEVEL = "-Onone";
			};
			name = Debug;
		};
		1087024625FBB1EA00FECFD5 /* Release */ = {
			isa = XCBuildConfiguration;
			buildSettings = {
				ALWAYS_SEARCH_USER_PATHS = NO;
				CLANG_ANALYZER_NONNULL = YES;
				CLANG_ANALYZER_NUMBER_OBJECT_CONVERSION = YES_AGGRESSIVE;
				CLANG_CXX_LANGUAGE_STANDARD = "gnu++14";
				CLANG_CXX_LIBRARY = "libc++";
				CLANG_ENABLE_MODULES = YES;
				CLANG_ENABLE_OBJC_ARC = YES;
				CLANG_ENABLE_OBJC_WEAK = YES;
				CLANG_WARN_BLOCK_CAPTURE_AUTORELEASING = YES;
				CLANG_WARN_BOOL_CONVERSION = YES;
				CLANG_WARN_COMMA = YES;
				CLANG_WARN_CONSTANT_CONVERSION = YES;
				CLANG_WARN_DEPRECATED_OBJC_IMPLEMENTATIONS = YES;
				CLANG_WARN_DIRECT_OBJC_ISA_USAGE = YES_ERROR;
				CLANG_WARN_DOCUMENTATION_COMMENTS = YES;
				CLANG_WARN_EMPTY_BODY = YES;
				CLANG_WARN_ENUM_CONVERSION = YES;
				CLANG_WARN_INFINITE_RECURSION = YES;
				CLANG_WARN_INT_CONVERSION = YES;
				CLANG_WARN_NON_LITERAL_NULL_CONVERSION = YES;
				CLANG_WARN_OBJC_IMPLICIT_RETAIN_SELF = YES;
				CLANG_WARN_OBJC_LITERAL_CONVERSION = YES;
				CLANG_WARN_OBJC_ROOT_CLASS = YES_ERROR;
				CLANG_WARN_QUOTED_INCLUDE_IN_FRAMEWORK_HEADER = YES;
				CLANG_WARN_RANGE_LOOP_ANALYSIS = YES;
				CLANG_WARN_STRICT_PROTOTYPES = YES;
				CLANG_WARN_SUSPICIOUS_MOVE = YES;
				CLANG_WARN_UNGUARDED_AVAILABILITY = YES_AGGRESSIVE;
				CLANG_WARN_UNREACHABLE_CODE = YES;
				CLANG_WARN__DUPLICATE_METHOD_MATCH = YES;
				COPY_PHASE_STRIP = NO;
				DEBUG_INFORMATION_FORMAT = "dwarf-with-dsym";
				ENABLE_NS_ASSERTIONS = NO;
				ENABLE_STRICT_OBJC_MSGSEND = YES;
				GCC_C_LANGUAGE_STANDARD = gnu11;
				GCC_NO_COMMON_BLOCKS = YES;
				GCC_WARN_64_TO_32_BIT_CONVERSION = YES;
				GCC_WARN_ABOUT_RETURN_TYPE = YES_ERROR;
				GCC_WARN_UNDECLARED_SELECTOR = YES;
				GCC_WARN_UNINITIALIZED_AUTOS = YES_AGGRESSIVE;
				GCC_WARN_UNUSED_FUNCTION = YES;
				GCC_WARN_UNUSED_VARIABLE = YES;
				IPHONEOS_DEPLOYMENT_TARGET = 14.4;
				MTL_ENABLE_DEBUG_INFO = NO;
				MTL_FAST_MATH = YES;
				SDKROOT = iphoneos;
				SWIFT_COMPILATION_MODE = wholemodule;
				SWIFT_OPTIMIZATION_LEVEL = "-O";
				VALIDATE_PRODUCT = YES;
			};
			name = Release;
		};
		1087024825FBB1EA00FECFD5 /* Debug */ = {
			isa = XCBuildConfiguration;
			baseConfigurationReference = BEA139A4C7FA470291D3D625 /* Pods-hufs_eat.debug.xcconfig */;
			buildSettings = {
				ASSETCATALOG_COMPILER_APPICON_NAME = AppIcon;
				ASSETCATALOG_COMPILER_GLOBAL_ACCENT_COLOR_NAME = AccentColor;
				CODE_SIGN_STYLE = Automatic;
				INFOPLIST_FILE = hufs_eat/Resources/Info.plist;
				LD_RUNPATH_SEARCH_PATHS = (
					"$(inherited)",
					"@executable_path/Frameworks",
				);
				PRODUCT_BUNDLE_IDENTIFIER = "com.hufs-eat";
				PRODUCT_NAME = "$(TARGET_NAME)";
				SWIFT_VERSION = 5.0;
				TARGETED_DEVICE_FAMILY = "1,2";
			};
			name = Debug;
		};
		1087024925FBB1EA00FECFD5 /* Release */ = {
			isa = XCBuildConfiguration;
			baseConfigurationReference = 68A2B7C0AAE6B46A2D3A8BDA /* Pods-hufs_eat.release.xcconfig */;
			buildSettings = {
				ASSETCATALOG_COMPILER_APPICON_NAME = AppIcon;
				ASSETCATALOG_COMPILER_GLOBAL_ACCENT_COLOR_NAME = AccentColor;
				CODE_SIGN_STYLE = Automatic;
				INFOPLIST_FILE = hufs_eat/Resources/Info.plist;
				LD_RUNPATH_SEARCH_PATHS = (
					"$(inherited)",
					"@executable_path/Frameworks",
				);
				PRODUCT_BUNDLE_IDENTIFIER = "com.hufs-eat";
				PRODUCT_NAME = "$(TARGET_NAME)";
				SWIFT_VERSION = 5.0;
				TARGETED_DEVICE_FAMILY = "1,2";
			};
			name = Release;
		};
/* End XCBuildConfiguration section */

/* Begin XCConfigurationList section */
		1087022E25FBB1E800FECFD5 /* Build configuration list for PBXProject "hufs_eat" */ = {
			isa = XCConfigurationList;
			buildConfigurations = (
				1087024525FBB1EA00FECFD5 /* Debug */,
				1087024625FBB1EA00FECFD5 /* Release */,
			);
			defaultConfigurationIsVisible = 0;
			defaultConfigurationName = Release;
		};
		1087024725FBB1EA00FECFD5 /* Build configuration list for PBXNativeTarget "hufs_eat" */ = {
			isa = XCConfigurationList;
			buildConfigurations = (
				1087024825FBB1EA00FECFD5 /* Debug */,
				1087024925FBB1EA00FECFD5 /* Release */,
			);
			defaultConfigurationIsVisible = 0;
			defaultConfigurationName = Release;
		};
/* End XCConfigurationList section */
	};
	rootObject = 1087022B25FBB1E800FECFD5 /* Project object */;
}
